{
  "version": 4,
  "terraform_version": "1.14.3",
  "serial": 31,
  "lineage": "46a49bd1-1193-4f1c-0f5b-55db4c00c71f",
  "outputs": {},
  "resources": [
    {
      "mode": "managed",
      "type": "local_file",
      "name": "backend",
      "provider": "provider[\"registry.terraform.io/hashicorp/local\"]",
      "instances": [
        {
          "index_key": "app-dev",
          "schema_version": 0,
          "attributes": {
            "content": "# _basics.tf\n# Generated automatic variables configuration\n# DO NOT CHANGE MANUALLY - GENERATED BY INIT_PROJECT\nvariable \"basics\" {\n  description = \"Basic configuration for the environment\"\n  type = object({\n    base_name   = string\n    environment = string\n  })\n  default = {\n    base_name  = \"text-e\"\n    environment = \"dev\"\n  }\n}\n",
            "content_base64": null,
            "content_base64sha256": "hncHe92lxTWnvdudnKPVo8hun08ey+Q9f7+zQhlvbwc=",
            "content_base64sha512": "upsdC0tNAyVKBnhmKO1kGY4UWwaDUEI8fxfo99ev1jv0qfz+DXbsCnQmbwpKmxGP4D+6OJhBvcgFn7Ep93IsiQ==",
            "content_md5": "b9965a0161989b3f564916b35caf2863",
            "content_sha1": "6fbbc0f4ccdc48e2f337a12ecd124a0be277fbb2",
            "content_sha256": "8677077bdda5c535a7bddb9d9ca3d5a3c86e9f4f1ecbe43d7fbfb342196f6f07",
            "content_sha512": "ba9b1d0b4b4d03254a06786628ed64198e145b068350423c7f17e8f7d7afd63bf4a9fcfe0d76ec0a74266f0a4a9b118fe03fba389841bdc8059fb129f7722c89",
            "directory_permission": "0777",
            "file_permission": "0644",
            "filename": "./..//dev/app/_basics.tf",
            "id": "6fbbc0f4ccdc48e2f337a12ecd124a0be277fbb2",
            "sensitive_content": null,
            "source": null
          },
          "sensitive_attributes": [
            [
              {
                "type": "get_attr",
                "value": "sensitive_content"
              }
            ]
          ],
          "identity_schema_version": 0
        },
        {
          "index_key": "app-prod",
          "schema_version": 0,
          "attributes": {
            "content": "# _basics.tf\n# Generated automatic variables configuration\n# DO NOT CHANGE MANUALLY - GENERATED BY INIT_PROJECT\nvariable \"basics\" {\n  description = \"Basic configuration for the environment\"\n  type = object({\n    base_name   = string\n    environment = string\n  })\n  default = {\n    base_name  = \"text-e\"\n    environment = \"prod\"\n  }\n}\n",
            "content_base64": null,
            "content_base64sha256": "TClnLBB1JlZYEeH6Vho4paZ/3ayArwwaBad0dpB/imo=",
            "content_base64sha512": "sidswYs9VCDKT0nhP16gHLBY7/fLop8Gsq+AiicSmMtG4Ve5pOgcnqYKZPiWfSt+sizqfu/an0poUKkAR8hCOA==",
            "content_md5": "af0a33c9f0feaafec5641a1a9f6fe1fc",
            "content_sha1": "a1cbddd1d36f4e4903bb0bb988b3d44107ad1d37",
            "content_sha256": "4c29672c107526565811e1fa561a38a5a67fddac80af0c1a05a77476907f8a6a",
            "content_sha512": "b2276cc18b3d5420ca4f49e13f5ea01cb058eff7cba29f06b2af808a271298cb46e157b9a4e81c9ea60a64f8967d2b7eb22cea7eefda9f4a6850a90047c84238",
            "directory_permission": "0777",
            "file_permission": "0644",
            "filename": "./..//prod/app/_basics.tf",
            "id": "a1cbddd1d36f4e4903bb0bb988b3d44107ad1d37",
            "sensitive_content": null,
            "source": null
          },
          "sensitive_attributes": [
            [
              {
                "type": "get_attr",
                "value": "sensitive_content"
              }
            ]
          ],
          "identity_schema_version": 0
        },
        {
          "index_key": "kc-dev",
          "schema_version": 0,
          "attributes": {
            "content": "# _basics.tf\n# Generated automatic variables configuration\n# DO NOT CHANGE MANUALLY - GENERATED BY INIT_PROJECT\nvariable \"basics\" {\n  description = \"Basic configuration for the environment\"\n  type = object({\n    base_name   = string\n    environment = string\n  })\n  default = {\n    base_name  = \"text-e\"\n    environment = \"dev\"\n  }\n}\n",
            "content_base64": null,
            "content_base64sha256": "hncHe92lxTWnvdudnKPVo8hun08ey+Q9f7+zQhlvbwc=",
            "content_base64sha512": "upsdC0tNAyVKBnhmKO1kGY4UWwaDUEI8fxfo99ev1jv0qfz+DXbsCnQmbwpKmxGP4D+6OJhBvcgFn7Ep93IsiQ==",
            "content_md5": "b9965a0161989b3f564916b35caf2863",
            "content_sha1": "6fbbc0f4ccdc48e2f337a12ecd124a0be277fbb2",
            "content_sha256": "8677077bdda5c535a7bddb9d9ca3d5a3c86e9f4f1ecbe43d7fbfb342196f6f07",
            "content_sha512": "ba9b1d0b4b4d03254a06786628ed64198e145b068350423c7f17e8f7d7afd63bf4a9fcfe0d76ec0a74266f0a4a9b118fe03fba389841bdc8059fb129f7722c89",
            "directory_permission": "0777",
            "file_permission": "0644",
            "filename": "./..//dev/kc/_basics.tf",
            "id": "6fbbc0f4ccdc48e2f337a12ecd124a0be277fbb2",
            "sensitive_content": null,
            "source": null
          },
          "sensitive_attributes": [
            [
              {
                "type": "get_attr",
                "value": "sensitive_content"
              }
            ]
          ],
          "identity_schema_version": 0
        },
        {
          "index_key": "kc-prod",
          "schema_version": 0,
          "attributes": {
            "content": "# _basics.tf\n# Generated automatic variables configuration\n# DO NOT CHANGE MANUALLY - GENERATED BY INIT_PROJECT\nvariable \"basics\" {\n  description = \"Basic configuration for the environment\"\n  type = object({\n    base_name   = string\n    environment = string\n  })\n  default = {\n    base_name  = \"text-e\"\n    environment = \"prod\"\n  }\n}\n",
            "content_base64": null,
            "content_base64sha256": "TClnLBB1JlZYEeH6Vho4paZ/3ayArwwaBad0dpB/imo=",
            "content_base64sha512": "sidswYs9VCDKT0nhP16gHLBY7/fLop8Gsq+AiicSmMtG4Ve5pOgcnqYKZPiWfSt+sizqfu/an0poUKkAR8hCOA==",
            "content_md5": "af0a33c9f0feaafec5641a1a9f6fe1fc",
            "content_sha1": "a1cbddd1d36f4e4903bb0bb988b3d44107ad1d37",
            "content_sha256": "4c29672c107526565811e1fa561a38a5a67fddac80af0c1a05a77476907f8a6a",
            "content_sha512": "b2276cc18b3d5420ca4f49e13f5ea01cb058eff7cba29f06b2af808a271298cb46e157b9a4e81c9ea60a64f8967d2b7eb22cea7eefda9f4a6850a90047c84238",
            "directory_permission": "0777",
            "file_permission": "0644",
            "filename": "./..//prod/kc/_basics.tf",
            "id": "a1cbddd1d36f4e4903bb0bb988b3d44107ad1d37",
            "sensitive_content": null,
            "source": null
          },
          "sensitive_attributes": [
            [
              {
                "type": "get_attr",
                "value": "sensitive_content"
              }
            ]
          ],
          "identity_schema_version": 0
        }
      ]
    },
    {
      "mode": "managed",
      "type": "null_resource",
      "name": "github_init",
      "provider": "provider[\"registry.terraform.io/hashicorp/null\"]",
      "instances": [
        {
          "index_key": 0,
          "schema_version": 0,
          "attributes": {
            "id": "6291671213790294072",
            "triggers": null
          },
          "sensitive_attributes": [],
          "identity_schema_version": 0
        }
      ]
    },
    {
      "module": "module.statefiles_generator",
      "mode": "managed",
      "type": "local_file",
      "name": "backend",
      "provider": "provider[\"registry.terraform.io/hashicorp/local\"]",
      "instances": [
        {
          "index_key": "app-dev",
          "schema_version": 0,
          "attributes": {
            "content": "# _backend.tf\n# DO NOT CHANGE MANUALLY - GENERATED BY STATEFILES GENERATOR MODULE\n\nterraform {\n  backend \"azurerm\" {\n    key = \"text-e/dev/app/terraform.tfstate\"\n  }\n}",
            "content_base64": null,
            "content_base64sha256": "T3dDqO7CuwG1O0snoxWK3kSsTcAf2YO/WsyO0dslqpo=",
            "content_base64sha512": "PRfBdzN/eNeUTY1LuI/LHtLJyaCZpZnun5C5913B/zKMwiGpbYqhkNk2MubkhOPuMKXla1JJ+y/hz2zTRZzmJg==",
            "content_md5": "eb81a2dc134b04f255e21bc4ce18c0a6",
            "content_sha1": "0abe20e09793433023d629d7837b5da08b9ca75d",
            "content_sha256": "4f7743a8eec2bb01b53b4b27a3158ade44ac4dc01fd983bf5acc8ed1db25aa9a",
            "content_sha512": "3d17c177337f78d7944d8d4bb88fcb1ed2c9c9a099a599ee9f90b9f75dc1ff328cc221a96d8aa190d93632e6e484e3ee30a5e56b5249fb2fe1cf6cd3459ce626",
            "directory_permission": "0777",
            "file_permission": "0644",
            "filename": "./..//dev/app/_backend.tf",
            "id": "0abe20e09793433023d629d7837b5da08b9ca75d",
            "sensitive_content": null,
            "source": null
          },
          "sensitive_attributes": [
            [
              {
                "type": "get_attr",
                "value": "sensitive_content"
              }
            ]
          ],
          "identity_schema_version": 0,
          "dependencies": [
            "module.statefiles_generator.local_file.create_dirs"
          ]
        },
        {
          "index_key": "app-prod",
          "schema_version": 0,
          "attributes": {
            "content": "# _backend.tf\n# DO NOT CHANGE MANUALLY - GENERATED BY STATEFILES GENERATOR MODULE\n\nterraform {\n  backend \"azurerm\" {\n    key = \"text-e/prod/app/terraform.tfstate\"\n  }\n}",
            "content_base64": null,
            "content_base64sha256": "S326DeUmzhO0YoqDzz2EbmVZ7LwnmSmgvb3AsHhI6BM=",
            "content_base64sha512": "fX0wA7r9HrhAZKbfagxN3cOmDTqHdeuNW7PgMLg6PLsxQ5BUnnPyeExrDXTGwSyBbN/b0IhKgcjkfN7nOBi7hQ==",
            "content_md5": "ad16ee30825e414adcfb4308caba0f0b",
            "content_sha1": "76271b95fbdcd84d16340b1d455927865ca58e27",
            "content_sha256": "4b7dba0de526ce13b4628a83cf3d846e6559ecbc279929a0bdbdc0b07848e813",
            "content_sha512": "7d7d3003bafd1eb84064a6df6a0c4dddc3a60d3a8775eb8d5bb3e030b83a3cbb314390549e73f2784c6b0d74c6c12c816cdfdbd0884a81c8e47cdee73818bb85",
            "directory_permission": "0777",
            "file_permission": "0644",
            "filename": "./..//prod/app/_backend.tf",
            "id": "76271b95fbdcd84d16340b1d455927865ca58e27",
            "sensitive_content": null,
            "source": null
          },
          "sensitive_attributes": [
            [
              {
                "type": "get_attr",
                "value": "sensitive_content"
              }
            ]
          ],
          "identity_schema_version": 0,
          "dependencies": [
            "module.statefiles_generator.local_file.create_dirs"
          ]
        },
        {
          "index_key": "kc-dev",
          "schema_version": 0,
          "attributes": {
            "content": "# _backend.tf\n# DO NOT CHANGE MANUALLY - GENERATED BY STATEFILES GENERATOR MODULE\n\nterraform {\n  backend \"azurerm\" {\n    key = \"text-e/dev/kc/terraform.tfstate\"\n  }\n}",
            "content_base64": null,
            "content_base64sha256": "Mz//8YgXaUPqoJh/dBZgZ1Evaa7R/JViPJYe6UjuC+E=",
            "content_base64sha512": "v1EQyVxh4cT73oWbrnngK9cDEjC42gUXfULUIN1/O5ZSjA7fDAfcxcvTggg4kc+ud9jPSFWc0fTmBQUVM5rFpA==",
            "content_md5": "5e806f46c496a01147166650f6e4b8a0",
            "content_sha1": "ba52c1e346bf511579f2bd8afc33ded9c1120629",
            "content_sha256": "333ffff188176943eaa0987f74166067512f69aed1fc95623c961ee948ee0be1",
            "content_sha512": "bf5110c95c61e1c4fbde859bae79e02bd7031230b8da05177d42d420dd7f3b96528c0edf0c07dcc5cbd382083891cfae77d8cf48559cd1f4e6050515339ac5a4",
            "directory_permission": "0777",
            "file_permission": "0644",
            "filename": "./..//dev/kc/_backend.tf",
            "id": "ba52c1e346bf511579f2bd8afc33ded9c1120629",
            "sensitive_content": null,
            "source": null
          },
          "sensitive_attributes": [
            [
              {
                "type": "get_attr",
                "value": "sensitive_content"
              }
            ]
          ],
          "identity_schema_version": 0,
          "dependencies": [
            "module.statefiles_generator.local_file.create_dirs"
          ]
        },
        {
          "index_key": "kc-prod",
          "schema_version": 0,
          "attributes": {
            "content": "# _backend.tf\n# DO NOT CHANGE MANUALLY - GENERATED BY STATEFILES GENERATOR MODULE\n\nterraform {\n  backend \"azurerm\" {\n    key = \"text-e/prod/kc/terraform.tfstate\"\n  }\n}",
            "content_base64": null,
            "content_base64sha256": "4rROH8lSBfdmm9JtDY72PBCHPzpUA1T6SNfoUj+PdWU=",
            "content_base64sha512": "RQk7Imbd6s4MhN00joIsB537ivqXnQxbOyfk+zS2NO3WQKu87zRlQHXS3M+19Gu3sndVDwgn+PKKYtyjjTWPqA==",
            "content_md5": "f53cb6ea340558cb3d789eb6c67dd132",
            "content_sha1": "4312399bf8d302d8a871979b4e6241bbba6a7e78",
            "content_sha256": "e2b44e1fc95205f7669bd26d0d8ef63c10873f3a540354fa48d7e8523f8f7565",
            "content_sha512": "45093b2266ddeace0c84dd348e822c079dfb8afa979d0c5b3b27e4fb34b634edd640abbcef34654075d2dccfb5f46bb7b277550f0827f8f28a62dca38d358fa8",
            "directory_permission": "0777",
            "file_permission": "0644",
            "filename": "./..//prod/kc/_backend.tf",
            "id": "4312399bf8d302d8a871979b4e6241bbba6a7e78",
            "sensitive_content": null,
            "source": null
          },
          "sensitive_attributes": [
            [
              {
                "type": "get_attr",
                "value": "sensitive_content"
              }
            ]
          ],
          "identity_schema_version": 0,
          "dependencies": [
            "module.statefiles_generator.local_file.create_dirs"
          ]
        }
      ]
    },
    {
      "module": "module.statefiles_generator",
      "mode": "managed",
      "type": "local_file",
      "name": "backend_config",
      "provider": "provider[\"registry.terraform.io/hashicorp/local\"]",
      "instances": [
        {
          "index_key": "app-dev",
          "schema_version": 0,
          "attributes": {
            "content": "# Generated backend configuration for Terraform remote state\n# DO NOT CHANGE MANUALLY - GENERATED BY STATEFILES GENERATOR MODULE\n\nresource_group_name  = \"an_platform_state_rg\"\nstorage_account_name = \"anplatformstate\"\ncontainer_name       = \"tfstate\"\n",
            "content_base64": null,
            "content_base64sha256": "Y4HM1Eds4KDwpgF8GW8eZSND2xQaArOptIkBM8Aui5A=",
            "content_base64sha512": "K/azHs7SDvlnpeTmWzLh0j9DdvFIRkyi6LJp3CxoS6aV5+EaqQYO4ZTwvEliwElDGio03fYPqiLE/N59Jf3C5Q==",
            "content_md5": "7fd9a8fbc228f8c390b02c1b30b6216f",
            "content_sha1": "da6f43953e9f9637c8fd0f510bbcb9ed6be8d8a2",
            "content_sha256": "6381ccd4476ce0a0f0a6017c196f1e652343db141a02b3a9b4890133c02e8b90",
            "content_sha512": "2bf6b31eced20ef967a5e4e65b32e1d23f4376f148464ca2e8b269dc2c684ba695e7e11aa9060ee194f0bc4962c049431a2a34ddf60faa22c4fcde7d25fdc2e5",
            "directory_permission": "0777",
            "file_permission": "0644",
            "filename": "./..//dev/app/_backend.hcl",
            "id": "da6f43953e9f9637c8fd0f510bbcb9ed6be8d8a2",
            "sensitive_content": null,
            "source": null
          },
          "sensitive_attributes": [
            [
              {
                "type": "get_attr",
                "value": "sensitive_content"
              }
            ]
          ],
          "identity_schema_version": 0,
          "dependencies": [
            "module.statefiles_generator.local_file.create_dirs"
          ]
        },
        {
          "index_key": "app-prod",
          "schema_version": 0,
          "attributes": {
            "content": "# Generated backend configuration for Terraform remote state\n# DO NOT CHANGE MANUALLY - GENERATED BY STATEFILES GENERATOR MODULE\n\nresource_group_name  = \"an_platform_state_rg\"\nstorage_account_name = \"anplatformstate\"\ncontainer_name       = \"tfstate\"\n",
            "content_base64": null,
            "content_base64sha256": "Y4HM1Eds4KDwpgF8GW8eZSND2xQaArOptIkBM8Aui5A=",
            "content_base64sha512": "K/azHs7SDvlnpeTmWzLh0j9DdvFIRkyi6LJp3CxoS6aV5+EaqQYO4ZTwvEliwElDGio03fYPqiLE/N59Jf3C5Q==",
            "content_md5": "7fd9a8fbc228f8c390b02c1b30b6216f",
            "content_sha1": "da6f43953e9f9637c8fd0f510bbcb9ed6be8d8a2",
            "content_sha256": "6381ccd4476ce0a0f0a6017c196f1e652343db141a02b3a9b4890133c02e8b90",
            "content_sha512": "2bf6b31eced20ef967a5e4e65b32e1d23f4376f148464ca2e8b269dc2c684ba695e7e11aa9060ee194f0bc4962c049431a2a34ddf60faa22c4fcde7d25fdc2e5",
            "directory_permission": "0777",
            "file_permission": "0644",
            "filename": "./..//prod/app/_backend.hcl",
            "id": "da6f43953e9f9637c8fd0f510bbcb9ed6be8d8a2",
            "sensitive_content": null,
            "source": null
          },
          "sensitive_attributes": [
            [
              {
                "type": "get_attr",
                "value": "sensitive_content"
              }
            ]
          ],
          "identity_schema_version": 0,
          "dependencies": [
            "module.statefiles_generator.local_file.create_dirs"
          ]
        },
        {
          "index_key": "kc-dev",
          "schema_version": 0,
          "attributes": {
            "content": "# Generated backend configuration for Terraform remote state\n# DO NOT CHANGE MANUALLY - GENERATED BY STATEFILES GENERATOR MODULE\n\nresource_group_name  = \"an_platform_state_rg\"\nstorage_account_name = \"anplatformstate\"\ncontainer_name       = \"tfstate\"\n",
            "content_base64": null,
            "content_base64sha256": "Y4HM1Eds4KDwpgF8GW8eZSND2xQaArOptIkBM8Aui5A=",
            "content_base64sha512": "K/azHs7SDvlnpeTmWzLh0j9DdvFIRkyi6LJp3CxoS6aV5+EaqQYO4ZTwvEliwElDGio03fYPqiLE/N59Jf3C5Q==",
            "content_md5": "7fd9a8fbc228f8c390b02c1b30b6216f",
            "content_sha1": "da6f43953e9f9637c8fd0f510bbcb9ed6be8d8a2",
            "content_sha256": "6381ccd4476ce0a0f0a6017c196f1e652343db141a02b3a9b4890133c02e8b90",
            "content_sha512": "2bf6b31eced20ef967a5e4e65b32e1d23f4376f148464ca2e8b269dc2c684ba695e7e11aa9060ee194f0bc4962c049431a2a34ddf60faa22c4fcde7d25fdc2e5",
            "directory_permission": "0777",
            "file_permission": "0644",
            "filename": "./..//dev/kc/_backend.hcl",
            "id": "da6f43953e9f9637c8fd0f510bbcb9ed6be8d8a2",
            "sensitive_content": null,
            "source": null
          },
          "sensitive_attributes": [
            [
              {
                "type": "get_attr",
                "value": "sensitive_content"
              }
            ]
          ],
          "identity_schema_version": 0,
          "dependencies": [
            "module.statefiles_generator.local_file.create_dirs"
          ]
        },
        {
          "index_key": "kc-prod",
          "schema_version": 0,
          "attributes": {
            "content": "# Generated backend configuration for Terraform remote state\n# DO NOT CHANGE MANUALLY - GENERATED BY STATEFILES GENERATOR MODULE\n\nresource_group_name  = \"an_platform_state_rg\"\nstorage_account_name = \"anplatformstate\"\ncontainer_name       = \"tfstate\"\n",
            "content_base64": null,
            "content_base64sha256": "Y4HM1Eds4KDwpgF8GW8eZSND2xQaArOptIkBM8Aui5A=",
            "content_base64sha512": "K/azHs7SDvlnpeTmWzLh0j9DdvFIRkyi6LJp3CxoS6aV5+EaqQYO4ZTwvEliwElDGio03fYPqiLE/N59Jf3C5Q==",
            "content_md5": "7fd9a8fbc228f8c390b02c1b30b6216f",
            "content_sha1": "da6f43953e9f9637c8fd0f510bbcb9ed6be8d8a2",
            "content_sha256": "6381ccd4476ce0a0f0a6017c196f1e652343db141a02b3a9b4890133c02e8b90",
            "content_sha512": "2bf6b31eced20ef967a5e4e65b32e1d23f4376f148464ca2e8b269dc2c684ba695e7e11aa9060ee194f0bc4962c049431a2a34ddf60faa22c4fcde7d25fdc2e5",
            "directory_permission": "0777",
            "file_permission": "0644",
            "filename": "./..//prod/kc/_backend.hcl",
            "id": "da6f43953e9f9637c8fd0f510bbcb9ed6be8d8a2",
            "sensitive_content": null,
            "source": null
          },
          "sensitive_attributes": [
            [
              {
                "type": "get_attr",
                "value": "sensitive_content"
              }
            ]
          ],
          "identity_schema_version": 0,
          "dependencies": [
            "module.statefiles_generator.local_file.create_dirs"
          ]
        }
      ]
    },
    {
      "module": "module.statefiles_generator",
      "mode": "managed",
      "type": "local_file",
      "name": "bootstrap_auto",
      "provider": "provider[\"registry.terraform.io/hashicorp/local\"]",
      "instances": [
        {
          "index_key": "app-dev",
          "schema_version": 0,
          "attributes": {
            "content": "# variables\n# DO NOT CHANGE MANUALLY - GENERATED BY STATEFILES GENERATOR MODULE\n\nplatform = {\n  tenant_id       = \"9c0f6304-c41a-4891-8379-ed3cbfc54535\"\n  subscription_id = \"93a208c4-9c58-4f97-b35f-9beb52df1041\"\n  location        = \"switzerlandnorth\"\n  state_rg        = \"an_platform_state_rg\"\n  state_storage   = \"anplatformstate\"\n  state_container = \"tfstate\"\n  keyvault_name   = \"affolternet-vault\"\n}\n",
            "content_base64": null,
            "content_base64sha256": "7M7/ujDB1yG9uPW4YNmahmTRR3dvcwR9csWCgtt1koo=",
            "content_base64sha512": "BG4kY7N7voo0wbuO4cgwzraN8saazIDqV8q1j6AkctDBLnFbHHbV5uBc2uh0ZVmoMY4Fmshj7S6vYvnkc6RgMg==",
            "content_md5": "332e268a40dbf5dad23706ff152cb387",
            "content_sha1": "23e898c635e1925ab245fcb7750eda5da9250120",
            "content_sha256": "ecceffba30c1d721bdb8f5b860d99a8664d147776f73047d72c58282db75928a",
            "content_sha512": "046e2463b37bbe8a34c1bb8ee1c830ceb68df2c69acc80ea57cab58fa02472d0c12e715b1c76d5e6e05cdae8746559a8318e059ac863ed2eaf62f9e473a46032",
            "directory_permission": "0777",
            "file_permission": "0644",
            "filename": "./..//dev/app/_platform.auto.tfvars",
            "id": "23e898c635e1925ab245fcb7750eda5da9250120",
            "sensitive_content": null,
            "source": null
          },
          "sensitive_attributes": [
            [
              {
                "type": "get_attr",
                "value": "sensitive_content"
              }
            ]
          ],
          "identity_schema_version": 0,
          "dependencies": [
            "module.statefiles_generator.local_file.create_dirs"
          ]
        },
        {
          "index_key": "app-prod",
          "schema_version": 0,
          "attributes": {
            "content": "# variables\n# DO NOT CHANGE MANUALLY - GENERATED BY STATEFILES GENERATOR MODULE\n\nplatform = {\n  tenant_id       = \"9c0f6304-c41a-4891-8379-ed3cbfc54535\"\n  subscription_id = \"93a208c4-9c58-4f97-b35f-9beb52df1041\"\n  location        = \"switzerlandnorth\"\n  state_rg        = \"an_platform_state_rg\"\n  state_storage   = \"anplatformstate\"\n  state_container = \"tfstate\"\n  keyvault_name   = \"affolternet-vault\"\n}\n",
            "content_base64": null,
            "content_base64sha256": "7M7/ujDB1yG9uPW4YNmahmTRR3dvcwR9csWCgtt1koo=",
            "content_base64sha512": "BG4kY7N7voo0wbuO4cgwzraN8saazIDqV8q1j6AkctDBLnFbHHbV5uBc2uh0ZVmoMY4Fmshj7S6vYvnkc6RgMg==",
            "content_md5": "332e268a40dbf5dad23706ff152cb387",
            "content_sha1": "23e898c635e1925ab245fcb7750eda5da9250120",
            "content_sha256": "ecceffba30c1d721bdb8f5b860d99a8664d147776f73047d72c58282db75928a",
            "content_sha512": "046e2463b37bbe8a34c1bb8ee1c830ceb68df2c69acc80ea57cab58fa02472d0c12e715b1c76d5e6e05cdae8746559a8318e059ac863ed2eaf62f9e473a46032",
            "directory_permission": "0777",
            "file_permission": "0644",
            "filename": "./..//prod/app/_platform.auto.tfvars",
            "id": "23e898c635e1925ab245fcb7750eda5da9250120",
            "sensitive_content": null,
            "source": null
          },
          "sensitive_attributes": [
            [
              {
                "type": "get_attr",
                "value": "sensitive_content"
              }
            ]
          ],
          "identity_schema_version": 0,
          "dependencies": [
            "module.statefiles_generator.local_file.create_dirs"
          ]
        },
        {
          "index_key": "kc-dev",
          "schema_version": 0,
          "attributes": {
            "content": "# variables\n# DO NOT CHANGE MANUALLY - GENERATED BY STATEFILES GENERATOR MODULE\n\nplatform = {\n  tenant_id       = \"9c0f6304-c41a-4891-8379-ed3cbfc54535\"\n  subscription_id = \"93a208c4-9c58-4f97-b35f-9beb52df1041\"\n  location        = \"switzerlandnorth\"\n  state_rg        = \"an_platform_state_rg\"\n  state_storage   = \"anplatformstate\"\n  state_container = \"tfstate\"\n  keyvault_name   = \"affolternet-vault\"\n}\n",
            "content_base64": null,
            "content_base64sha256": "7M7/ujDB1yG9uPW4YNmahmTRR3dvcwR9csWCgtt1koo=",
            "content_base64sha512": "BG4kY7N7voo0wbuO4cgwzraN8saazIDqV8q1j6AkctDBLnFbHHbV5uBc2uh0ZVmoMY4Fmshj7S6vYvnkc6RgMg==",
            "content_md5": "332e268a40dbf5dad23706ff152cb387",
            "content_sha1": "23e898c635e1925ab245fcb7750eda5da9250120",
            "content_sha256": "ecceffba30c1d721bdb8f5b860d99a8664d147776f73047d72c58282db75928a",
            "content_sha512": "046e2463b37bbe8a34c1bb8ee1c830ceb68df2c69acc80ea57cab58fa02472d0c12e715b1c76d5e6e05cdae8746559a8318e059ac863ed2eaf62f9e473a46032",
            "directory_permission": "0777",
            "file_permission": "0644",
            "filename": "./..//dev/kc/_platform.auto.tfvars",
            "id": "23e898c635e1925ab245fcb7750eda5da9250120",
            "sensitive_content": null,
            "source": null
          },
          "sensitive_attributes": [
            [
              {
                "type": "get_attr",
                "value": "sensitive_content"
              }
            ]
          ],
          "identity_schema_version": 0,
          "dependencies": [
            "module.statefiles_generator.local_file.create_dirs"
          ]
        },
        {
          "index_key": "kc-prod",
          "schema_version": 0,
          "attributes": {
            "content": "# variables\n# DO NOT CHANGE MANUALLY - GENERATED BY STATEFILES GENERATOR MODULE\n\nplatform = {\n  tenant_id       = \"9c0f6304-c41a-4891-8379-ed3cbfc54535\"\n  subscription_id = \"93a208c4-9c58-4f97-b35f-9beb52df1041\"\n  location        = \"switzerlandnorth\"\n  state_rg        = \"an_platform_state_rg\"\n  state_storage   = \"anplatformstate\"\n  state_container = \"tfstate\"\n  keyvault_name   = \"affolternet-vault\"\n}\n",
            "content_base64": null,
            "content_base64sha256": "7M7/ujDB1yG9uPW4YNmahmTRR3dvcwR9csWCgtt1koo=",
            "content_base64sha512": "BG4kY7N7voo0wbuO4cgwzraN8saazIDqV8q1j6AkctDBLnFbHHbV5uBc2uh0ZVmoMY4Fmshj7S6vYvnkc6RgMg==",
            "content_md5": "332e268a40dbf5dad23706ff152cb387",
            "content_sha1": "23e898c635e1925ab245fcb7750eda5da9250120",
            "content_sha256": "ecceffba30c1d721bdb8f5b860d99a8664d147776f73047d72c58282db75928a",
            "content_sha512": "046e2463b37bbe8a34c1bb8ee1c830ceb68df2c69acc80ea57cab58fa02472d0c12e715b1c76d5e6e05cdae8746559a8318e059ac863ed2eaf62f9e473a46032",
            "directory_permission": "0777",
            "file_permission": "0644",
            "filename": "./..//prod/kc/_platform.auto.tfvars",
            "id": "23e898c635e1925ab245fcb7750eda5da9250120",
            "sensitive_content": null,
            "source": null
          },
          "sensitive_attributes": [
            [
              {
                "type": "get_attr",
                "value": "sensitive_content"
              }
            ]
          ],
          "identity_schema_version": 0,
          "dependencies": [
            "module.statefiles_generator.local_file.create_dirs"
          ]
        }
      ]
    },
    {
      "module": "module.statefiles_generator",
      "mode": "managed",
      "type": "local_file",
      "name": "create_dirs",
      "provider": "provider[\"registry.terraform.io/hashicorp/local\"]",
      "instances": [
        {
          "index_key": "app-dev",
          "schema_version": 0,
          "attributes": {
            "content": "# Directory marker file created by bootstrap module",
            "content_base64": null,
            "content_base64sha256": "jPufK5wD0YqqjSuC39q4/MJFWNfjlJBrDbyLhewBqRE=",
            "content_base64sha512": "qDT8eMR90fvz9Ggii1t5TaBCv9bkRgMfkGxWstBepuBEPpjm4if9rq3CZ+0PdwHTP2kUnZtSjmXVOVqhu9rFIQ==",
            "content_md5": "9aa6a7b66f90a3508be9b9965f11968e",
            "content_sha1": "9dccce073a4be46d31918e3e683ed03750dc57c8",
            "content_sha256": "8cfb9f2b9c03d18aaa8d2b82dfdab8fcc24558d7e394906b0dbc8b85ec01a911",
            "content_sha512": "a834fc78c47dd1fbf3f468228b5b794da042bfd6e446031f906c56b2d05ea6e0443e98e6e227fdaeadc267ed0f7701d33f69149d9b528e65d5395aa1bbdac521",
            "directory_permission": "0777",
            "file_permission": "0644",
            "filename": "./..//dev/app/.gitkeep",
            "id": "9dccce073a4be46d31918e3e683ed03750dc57c8",
            "sensitive_content": null,
            "source": null
          },
          "sensitive_attributes": [
            [
              {
                "type": "get_attr",
                "value": "sensitive_content"
              }
            ]
          ],
          "identity_schema_version": 0
        },
        {
          "index_key": "app-prod",
          "schema_version": 0,
          "attributes": {
            "content": "# Directory marker file created by bootstrap module",
            "content_base64": null,
            "content_base64sha256": "jPufK5wD0YqqjSuC39q4/MJFWNfjlJBrDbyLhewBqRE=",
            "content_base64sha512": "qDT8eMR90fvz9Ggii1t5TaBCv9bkRgMfkGxWstBepuBEPpjm4if9rq3CZ+0PdwHTP2kUnZtSjmXVOVqhu9rFIQ==",
            "content_md5": "9aa6a7b66f90a3508be9b9965f11968e",
            "content_sha1": "9dccce073a4be46d31918e3e683ed03750dc57c8",
            "content_sha256": "8cfb9f2b9c03d18aaa8d2b82dfdab8fcc24558d7e394906b0dbc8b85ec01a911",
            "content_sha512": "a834fc78c47dd1fbf3f468228b5b794da042bfd6e446031f906c56b2d05ea6e0443e98e6e227fdaeadc267ed0f7701d33f69149d9b528e65d5395aa1bbdac521",
            "directory_permission": "0777",
            "file_permission": "0644",
            "filename": "./..//prod/app/.gitkeep",
            "id": "9dccce073a4be46d31918e3e683ed03750dc57c8",
            "sensitive_content": null,
            "source": null
          },
          "sensitive_attributes": [
            [
              {
                "type": "get_attr",
                "value": "sensitive_content"
              }
            ]
          ],
          "identity_schema_version": 0
        },
        {
          "index_key": "kc-dev",
          "schema_version": 0,
          "attributes": {
            "content": "# Directory marker file created by bootstrap module",
            "content_base64": null,
            "content_base64sha256": "jPufK5wD0YqqjSuC39q4/MJFWNfjlJBrDbyLhewBqRE=",
            "content_base64sha512": "qDT8eMR90fvz9Ggii1t5TaBCv9bkRgMfkGxWstBepuBEPpjm4if9rq3CZ+0PdwHTP2kUnZtSjmXVOVqhu9rFIQ==",
            "content_md5": "9aa6a7b66f90a3508be9b9965f11968e",
            "content_sha1": "9dccce073a4be46d31918e3e683ed03750dc57c8",
            "content_sha256": "8cfb9f2b9c03d18aaa8d2b82dfdab8fcc24558d7e394906b0dbc8b85ec01a911",
            "content_sha512": "a834fc78c47dd1fbf3f468228b5b794da042bfd6e446031f906c56b2d05ea6e0443e98e6e227fdaeadc267ed0f7701d33f69149d9b528e65d5395aa1bbdac521",
            "directory_permission": "0777",
            "file_permission": "0644",
            "filename": "./..//dev/kc/.gitkeep",
            "id": "9dccce073a4be46d31918e3e683ed03750dc57c8",
            "sensitive_content": null,
            "source": null
          },
          "sensitive_attributes": [
            [
              {
                "type": "get_attr",
                "value": "sensitive_content"
              }
            ]
          ],
          "identity_schema_version": 0
        },
        {
          "index_key": "kc-prod",
          "schema_version": 0,
          "attributes": {
            "content": "# Directory marker file created by bootstrap module",
            "content_base64": null,
            "content_base64sha256": "jPufK5wD0YqqjSuC39q4/MJFWNfjlJBrDbyLhewBqRE=",
            "content_base64sha512": "qDT8eMR90fvz9Ggii1t5TaBCv9bkRgMfkGxWstBepuBEPpjm4if9rq3CZ+0PdwHTP2kUnZtSjmXVOVqhu9rFIQ==",
            "content_md5": "9aa6a7b66f90a3508be9b9965f11968e",
            "content_sha1": "9dccce073a4be46d31918e3e683ed03750dc57c8",
            "content_sha256": "8cfb9f2b9c03d18aaa8d2b82dfdab8fcc24558d7e394906b0dbc8b85ec01a911",
            "content_sha512": "a834fc78c47dd1fbf3f468228b5b794da042bfd6e446031f906c56b2d05ea6e0443e98e6e227fdaeadc267ed0f7701d33f69149d9b528e65d5395aa1bbdac521",
            "directory_permission": "0777",
            "file_permission": "0644",
            "filename": "./..//prod/kc/.gitkeep",
            "id": "9dccce073a4be46d31918e3e683ed03750dc57c8",
            "sensitive_content": null,
            "source": null
          },
          "sensitive_attributes": [
            [
              {
                "type": "get_attr",
                "value": "sensitive_content"
              }
            ]
          ],
          "identity_schema_version": 0
        }
      ]
    },
    {
      "module": "module.statefiles_generator",
      "mode": "managed",
      "type": "local_file",
      "name": "init",
      "provider": "provider[\"registry.terraform.io/hashicorp/local\"]",
      "instances": [
        {
          "index_key": "app-dev",
          "schema_version": 0,
          "attributes": {
            "content": "#!/bin/bash\n\n# author: martin@affolter.net\n\n# DO NOT CHANGE MANUALLY - GENERATED BY STATEFILES GENERATOR MODULE\n\nyellow() { printf \"\\e[33m$*\\e[0m\\n\"; }\ngreen() { printf  \"\\e[32m$*\\e[0m\\n\"; }\nred() { printf  \"\\e[31m$*\\e[0m\\n\"; }\nblue() { printf \"\\e[34m$*\\e[0m\\n\"; }\n\n# Check if already logged in with the desired client_id\nclient_id=\"5700c6f1-4c18-44db-962d-a7d437d1b424\"\ncurrent_client_id=\"$(az account show --query user.name -o tsv 2\u003e/dev/null || echo \"\")\"\n\nif [ \"$current_client_id\" != \"$client_id\" ]; then\n    red \"Wrong client_id: $current_client_id. Please run 'az login' first.\"\n    exit 0\nfi\n# set the correct subscription\naz account set --subscription \"93a208c4-9c58-4f97-b35f-9beb52df1041\"\n\nterraform init -backend-config=_backend.hcl -reconfigure\n\nyellow \"Initialized Terraform for module: text-e/dev/app\"",
            "content_base64": null,
            "content_base64sha256": "385u8zczLFyHWFM8cNUG2vsnCk7eCKIo0SehPppbHgQ=",
            "content_base64sha512": "ZNV8pnSRFDfuT0j7wKLGtQIyHsdZCgLVZaIBZxmA6nXt2wdzZ2tKLT2VKeMbTOGb+t9FsBnudlCKgJGsvyNSCQ==",
            "content_md5": "9cd34683f10870fe30faa4df62dee24b",
            "content_sha1": "14dcfb70cdad3c4767ce6539314a600061ead2a2",
            "content_sha256": "dfce6ef337332c5c8758533c70d506dafb270a4ede08a228d127a13e9a5b1e04",
            "content_sha512": "64d57ca674911437ee4f48fbc0a2c6b502321ec7590a02d565a201671980ea75eddb0773676b4a2d3d9529e31b4ce19bfadf45b019ee76508a8091acbf235209",
            "directory_permission": "0777",
            "file_permission": "0755",
            "filename": "./..//dev/app/_init.sh",
            "id": "14dcfb70cdad3c4767ce6539314a600061ead2a2",
            "sensitive_content": null,
            "source": null
          },
          "sensitive_attributes": [
            [
              {
                "type": "get_attr",
                "value": "sensitive_content"
              }
            ]
          ],
          "identity_schema_version": 0,
          "dependencies": [
            "module.statefiles_generator.local_file.create_dirs"
          ]
        },
        {
          "index_key": "app-prod",
          "schema_version": 0,
          "attributes": {
            "content": "#!/bin/bash\n\n# author: martin@affolter.net\n\n# DO NOT CHANGE MANUALLY - GENERATED BY STATEFILES GENERATOR MODULE\n\nyellow() { printf \"\\e[33m$*\\e[0m\\n\"; }\ngreen() { printf  \"\\e[32m$*\\e[0m\\n\"; }\nred() { printf  \"\\e[31m$*\\e[0m\\n\"; }\nblue() { printf \"\\e[34m$*\\e[0m\\n\"; }\n\n# Check if already logged in with the desired client_id\nclient_id=\"5700c6f1-4c18-44db-962d-a7d437d1b424\"\ncurrent_client_id=\"$(az account show --query user.name -o tsv 2\u003e/dev/null || echo \"\")\"\n\nif [ \"$current_client_id\" != \"$client_id\" ]; then\n    red \"Wrong client_id: $current_client_id. Please run 'az login' first.\"\n    exit 0\nfi\n# set the correct subscription\naz account set --subscription \"93a208c4-9c58-4f97-b35f-9beb52df1041\"\n\nterraform init -backend-config=_backend.hcl -reconfigure\n\nyellow \"Initialized Terraform for module: text-e/prod/app\"",
            "content_base64": null,
            "content_base64sha256": "vHpi9m/V4/7+J6TfRCTsFcl8e4TA5pQJzbPkXfbht9w=",
            "content_base64sha512": "il5Q7tn5fgzgNfBlX4dYZvP0lIshC4YKbGLtK6yT6NHKiKgRUdtLO3aACNP+/lQkCptInyWb2gv9gh/YNKmk9w==",
            "content_md5": "06d044757064f4c68fb57083de32786c",
            "content_sha1": "32b9c693c311715c3e6c5d02ceb282b54573994d",
            "content_sha256": "bc7a62f66fd5e3fefe27a4df4424ec15c97c7b84c0e69409cdb3e45df6e1b7dc",
            "content_sha512": "8a5e50eed9f97e0ce035f0655f875866f3f4948b210b860a6c62ed2bac93e8d1ca88a81151db4b3b768008d3fefe54240a9b489f259bda0bfd821fd834a9a4f7",
            "directory_permission": "0777",
            "file_permission": "0755",
            "filename": "./..//prod/app/_init.sh",
            "id": "32b9c693c311715c3e6c5d02ceb282b54573994d",
            "sensitive_content": null,
            "source": null
          },
          "sensitive_attributes": [
            [
              {
                "type": "get_attr",
                "value": "sensitive_content"
              }
            ]
          ],
          "identity_schema_version": 0,
          "dependencies": [
            "module.statefiles_generator.local_file.create_dirs"
          ]
        },
        {
          "index_key": "kc-dev",
          "schema_version": 0,
          "attributes": {
            "content": "#!/bin/bash\n\n# author: martin@affolter.net\n\n# DO NOT CHANGE MANUALLY - GENERATED BY STATEFILES GENERATOR MODULE\n\nyellow() { printf \"\\e[33m$*\\e[0m\\n\"; }\ngreen() { printf  \"\\e[32m$*\\e[0m\\n\"; }\nred() { printf  \"\\e[31m$*\\e[0m\\n\"; }\nblue() { printf \"\\e[34m$*\\e[0m\\n\"; }\n\n# Check if already logged in with the desired client_id\nclient_id=\"5700c6f1-4c18-44db-962d-a7d437d1b424\"\ncurrent_client_id=\"$(az account show --query user.name -o tsv 2\u003e/dev/null || echo \"\")\"\n\nif [ \"$current_client_id\" != \"$client_id\" ]; then\n    red \"Wrong client_id: $current_client_id. Please run 'az login' first.\"\n    exit 0\nfi\n# set the correct subscription\naz account set --subscription \"93a208c4-9c58-4f97-b35f-9beb52df1041\"\n\nterraform init -backend-config=_backend.hcl -reconfigure\n\nyellow \"Initialized Terraform for module: text-e/dev/kc\"",
            "content_base64": null,
            "content_base64sha256": "3qFDItmjW3Z84CGdtuixiXGCKX/tL1+i+z0TZxEaLjE=",
            "content_base64sha512": "w3sRgovMQoVTWdb49li0PekTRWTbWCal5qgxbs1tlktHJhrw0JTS35mKkiTHRRiNq3eQTgu46RWXpQ1CM422KQ==",
            "content_md5": "3be2bf98edb8f2821f5465457414f8e9",
            "content_sha1": "59782df6155458d6872c06d0e2fccac162bf9a18",
            "content_sha256": "dea14322d9a35b767ce0219db6e8b1897182297fed2f5fa2fb3d1367111a2e31",
            "content_sha512": "c37b11828bcc42855359d6f8f658b43de9134564db5826a5e6a8316ecd6d964b47261af0d094d2df998a9224c745188dab77904e0bb8e91597a50d42338db629",
            "directory_permission": "0777",
            "file_permission": "0755",
            "filename": "./..//dev/kc/_init.sh",
            "id": "59782df6155458d6872c06d0e2fccac162bf9a18",
            "sensitive_content": null,
            "source": null
          },
          "sensitive_attributes": [
            [
              {
                "type": "get_attr",
                "value": "sensitive_content"
              }
            ]
          ],
          "identity_schema_version": 0,
          "dependencies": [
            "module.statefiles_generator.local_file.create_dirs"
          ]
        },
        {
          "index_key": "kc-prod",
          "schema_version": 0,
          "attributes": {
            "content": "#!/bin/bash\n\n# author: martin@affolter.net\n\n# DO NOT CHANGE MANUALLY - GENERATED BY STATEFILES GENERATOR MODULE\n\nyellow() { printf \"\\e[33m$*\\e[0m\\n\"; }\ngreen() { printf  \"\\e[32m$*\\e[0m\\n\"; }\nred() { printf  \"\\e[31m$*\\e[0m\\n\"; }\nblue() { printf \"\\e[34m$*\\e[0m\\n\"; }\n\n# Check if already logged in with the desired client_id\nclient_id=\"5700c6f1-4c18-44db-962d-a7d437d1b424\"\ncurrent_client_id=\"$(az account show --query user.name -o tsv 2\u003e/dev/null || echo \"\")\"\n\nif [ \"$current_client_id\" != \"$client_id\" ]; then\n    red \"Wrong client_id: $current_client_id. Please run 'az login' first.\"\n    exit 0\nfi\n# set the correct subscription\naz account set --subscription \"93a208c4-9c58-4f97-b35f-9beb52df1041\"\n\nterraform init -backend-config=_backend.hcl -reconfigure\n\nyellow \"Initialized Terraform for module: text-e/prod/kc\"",
            "content_base64": null,
            "content_base64sha256": "KXfablx93oWJ5XIzn89TyJGpH9rqNg5XHcmYL8ag8NY=",
            "content_base64sha512": "7L4RnPaB7V8eZTRvzg1bpLNZibcakSg/t+7w8GoM1VWbRL2GgIcR+8O4YWGmBu1HLX1D8ZyaL8+ERxK3+gCX5w==",
            "content_md5": "d6627ca228d328c0fc2c9f95708ced5a",
            "content_sha1": "8dce1b48ed101feb566d68c42136a58c694c4cf1",
            "content_sha256": "2977da6e5c7dde8589e572339fcf53c891a91fdaea360e571dc9982fc6a0f0d6",
            "content_sha512": "ecbe119cf681ed5f1e65346fce0d5ba4b35989b71a91283fb7eef0f06a0cd5559b44bd86808711fbc3b86161a606ed472d7d43f19c9a2fcf844712b7fa0097e7",
            "directory_permission": "0777",
            "file_permission": "0755",
            "filename": "./..//prod/kc/_init.sh",
            "id": "8dce1b48ed101feb566d68c42136a58c694c4cf1",
            "sensitive_content": null,
            "source": null
          },
          "sensitive_attributes": [
            [
              {
                "type": "get_attr",
                "value": "sensitive_content"
              }
            ]
          ],
          "identity_schema_version": 0,
          "dependencies": [
            "module.statefiles_generator.local_file.create_dirs"
          ]
        }
      ]
    },
    {
      "module": "module.statefiles_generator",
      "mode": "managed",
      "type": "local_file",
      "name": "login",
      "provider": "provider[\"registry.terraform.io/hashicorp/local\"]",
      "instances": [
        {
          "index_key": 0,
          "schema_version": 0,
          "attributes": {
            "content": "#!/bin/bash\n\n# author: martin@affolter.net\n\n# DO NOT CHANGE MANUALLY - GENERATED BY STATEFILES GENERATOR MODULE\n\nyellow() { printf \"\\e[33m$*\\e[0m\\n\"; }\ngreen() { printf  \"\\e[32m$*\\e[0m\\n\"; }\nred() { printf  \"\\e[31m$*\\e[0m\\n\"; }\nblue() { printf \"\\e[34m$*\\e[0m\\n\"; }\n\nenv=${1:-\"dev\"}\nclient_id=\"$(az keyvault secret show --name an-platform-state-${env}-sp-client-id --vault-name affolternet-vault --query value -o tsv)\"\n\n# Check if already logged in with the desired client_id\ncurrent_client_id=\"$(az account show --query user.name -o tsv 2\u003e/dev/null || echo \"\")\"\n\nif [ \"$current_client_id\" = \"$client_id\" ]; then\n    green \"Already logged in with client_id: $client_id for environment: $env\"\n    exit 0\nfi\n\nclient_secret=\"$(az keyvault secret show --name an-platform-state-${env}-sp-client-secret --vault-name affolternet-vault --query value -o tsv)\"\naz login --service-principal -u $client_id -p $client_secret --tenant 9c0f6304-c41a-4891-8379-ed3cbfc54535\n\nyellow \"logged in to \\\"$env\\\"\"",
            "content_base64": null,
            "content_base64sha256": "Sc170VKNDIwdjEICMUK84NAZC/YCIocST2OQj0n1oD4=",
            "content_base64sha512": "Vgb+MIimnhyyVN2pCOcRGWjeOVC2R3OTxqXepCqmKdo/BuarFQ7K3tR28pCtI0ymI5MXyHiyqNIXse1Re43qtg==",
            "content_md5": "f9f89ff94fb767a63f8eb2c5542769a0",
            "content_sha1": "7d14a417205b3b27346f91e3a06022591152bb79",
            "content_sha256": "49cd7bd1528d0c8c1d8c42023142bce0d0190bf6022287124f63908f49f5a03e",
            "content_sha512": "5606fe3088a69e1cb254dda908e7111968de3950b6477393c6a5dea42aa629da3f06e6ab150ecaded476f290ad234ca6239317c878b2a8d217b1ed517b8deab6",
            "directory_permission": "0777",
            "file_permission": "0755",
            "filename": "../../scripts/sp_login.sh",
            "id": "7d14a417205b3b27346f91e3a06022591152bb79",
            "sensitive_content": null,
            "source": null
          },
          "sensitive_attributes": [
            [
              {
                "type": "get_attr",
                "value": "sensitive_content"
              }
            ]
          ],
          "identity_schema_version": 0,
          "dependencies": [
            "module.statefiles_generator.local_file.create_dirs"
          ]
        }
      ]
    },
    {
      "module": "module.statefiles_generator",
      "mode": "managed",
      "type": "local_file",
      "name": "variables",
      "provider": "provider[\"registry.terraform.io/hashicorp/local\"]",
      "instances": [
        {
          "index_key": "app-dev",
          "schema_version": 0,
          "attributes": {
            "content": "# variable definitions\n# DO NOT CHANGE MANUALLY - GENERATED BY STATEFILES GENERATOR MODULE\n\nvariable \"platform\" {\n  type = object({\n    tenant_id       = string\n    subscription_id = string\n    location        = string\n    state_rg        = string\n    state_storage   = string\n    state_container = string\n    keyvault_name   = string\n  })\n}",
            "content_base64": null,
            "content_base64sha256": "YdbV/X2ovMr7olQ+IYNF42qzTFI5jyPdKXXAjsXXvJ0=",
            "content_base64sha512": "gVB/YWExT6dcFIBczwUm/V6XxRn3F9JGOm5KsHfYIRGtCJw1GuhXA0v9KcjrF/tNNZZ00ggJN9bsCEY1aEDSkg==",
            "content_md5": "2ce030e171a37575e7ed3b56c5b2e80c",
            "content_sha1": "ffbac0b98a1e23914c2841513ca9c74da1e4bd1f",
            "content_sha256": "61d6d5fd7da8bccafba2543e218345e36ab34c52398f23dd2975c08ec5d7bc9d",
            "content_sha512": "81507f6161314fa75c14805ccf0526fd5e97c519f717d2463a6e4ab077d82111ad089c351ae857034bfd29c8eb17fb4d359674d2080937d6ec0846356840d292",
            "directory_permission": "0777",
            "file_permission": "0644",
            "filename": "./..//dev/app/_platform_variables.tf",
            "id": "ffbac0b98a1e23914c2841513ca9c74da1e4bd1f",
            "sensitive_content": null,
            "source": null
          },
          "sensitive_attributes": [
            [
              {
                "type": "get_attr",
                "value": "sensitive_content"
              }
            ]
          ],
          "identity_schema_version": 0,
          "dependencies": [
            "module.statefiles_generator.local_file.create_dirs"
          ]
        },
        {
          "index_key": "app-prod",
          "schema_version": 0,
          "attributes": {
            "content": "# variable definitions\n# DO NOT CHANGE MANUALLY - GENERATED BY STATEFILES GENERATOR MODULE\n\nvariable \"platform\" {\n  type = object({\n    tenant_id       = string\n    subscription_id = string\n    location        = string\n    state_rg        = string\n    state_storage   = string\n    state_container = string\n    keyvault_name   = string\n  })\n}",
            "content_base64": null,
            "content_base64sha256": "YdbV/X2ovMr7olQ+IYNF42qzTFI5jyPdKXXAjsXXvJ0=",
            "content_base64sha512": "gVB/YWExT6dcFIBczwUm/V6XxRn3F9JGOm5KsHfYIRGtCJw1GuhXA0v9KcjrF/tNNZZ00ggJN9bsCEY1aEDSkg==",
            "content_md5": "2ce030e171a37575e7ed3b56c5b2e80c",
            "content_sha1": "ffbac0b98a1e23914c2841513ca9c74da1e4bd1f",
            "content_sha256": "61d6d5fd7da8bccafba2543e218345e36ab34c52398f23dd2975c08ec5d7bc9d",
            "content_sha512": "81507f6161314fa75c14805ccf0526fd5e97c519f717d2463a6e4ab077d82111ad089c351ae857034bfd29c8eb17fb4d359674d2080937d6ec0846356840d292",
            "directory_permission": "0777",
            "file_permission": "0644",
            "filename": "./..//prod/app/_platform_variables.tf",
            "id": "ffbac0b98a1e23914c2841513ca9c74da1e4bd1f",
            "sensitive_content": null,
            "source": null
          },
          "sensitive_attributes": [
            [
              {
                "type": "get_attr",
                "value": "sensitive_content"
              }
            ]
          ],
          "identity_schema_version": 0,
          "dependencies": [
            "module.statefiles_generator.local_file.create_dirs"
          ]
        },
        {
          "index_key": "kc-dev",
          "schema_version": 0,
          "attributes": {
            "content": "# variable definitions\n# DO NOT CHANGE MANUALLY - GENERATED BY STATEFILES GENERATOR MODULE\n\nvariable \"platform\" {\n  type = object({\n    tenant_id       = string\n    subscription_id = string\n    location        = string\n    state_rg        = string\n    state_storage   = string\n    state_container = string\n    keyvault_name   = string\n  })\n}",
            "content_base64": null,
            "content_base64sha256": "YdbV/X2ovMr7olQ+IYNF42qzTFI5jyPdKXXAjsXXvJ0=",
            "content_base64sha512": "gVB/YWExT6dcFIBczwUm/V6XxRn3F9JGOm5KsHfYIRGtCJw1GuhXA0v9KcjrF/tNNZZ00ggJN9bsCEY1aEDSkg==",
            "content_md5": "2ce030e171a37575e7ed3b56c5b2e80c",
            "content_sha1": "ffbac0b98a1e23914c2841513ca9c74da1e4bd1f",
            "content_sha256": "61d6d5fd7da8bccafba2543e218345e36ab34c52398f23dd2975c08ec5d7bc9d",
            "content_sha512": "81507f6161314fa75c14805ccf0526fd5e97c519f717d2463a6e4ab077d82111ad089c351ae857034bfd29c8eb17fb4d359674d2080937d6ec0846356840d292",
            "directory_permission": "0777",
            "file_permission": "0644",
            "filename": "./..//dev/kc/_platform_variables.tf",
            "id": "ffbac0b98a1e23914c2841513ca9c74da1e4bd1f",
            "sensitive_content": null,
            "source": null
          },
          "sensitive_attributes": [
            [
              {
                "type": "get_attr",
                "value": "sensitive_content"
              }
            ]
          ],
          "identity_schema_version": 0,
          "dependencies": [
            "module.statefiles_generator.local_file.create_dirs"
          ]
        },
        {
          "index_key": "kc-prod",
          "schema_version": 0,
          "attributes": {
            "content": "# variable definitions\n# DO NOT CHANGE MANUALLY - GENERATED BY STATEFILES GENERATOR MODULE\n\nvariable \"platform\" {\n  type = object({\n    tenant_id       = string\n    subscription_id = string\n    location        = string\n    state_rg        = string\n    state_storage   = string\n    state_container = string\n    keyvault_name   = string\n  })\n}",
            "content_base64": null,
            "content_base64sha256": "YdbV/X2ovMr7olQ+IYNF42qzTFI5jyPdKXXAjsXXvJ0=",
            "content_base64sha512": "gVB/YWExT6dcFIBczwUm/V6XxRn3F9JGOm5KsHfYIRGtCJw1GuhXA0v9KcjrF/tNNZZ00ggJN9bsCEY1aEDSkg==",
            "content_md5": "2ce030e171a37575e7ed3b56c5b2e80c",
            "content_sha1": "ffbac0b98a1e23914c2841513ca9c74da1e4bd1f",
            "content_sha256": "61d6d5fd7da8bccafba2543e218345e36ab34c52398f23dd2975c08ec5d7bc9d",
            "content_sha512": "81507f6161314fa75c14805ccf0526fd5e97c519f717d2463a6e4ab077d82111ad089c351ae857034bfd29c8eb17fb4d359674d2080937d6ec0846356840d292",
            "directory_permission": "0777",
            "file_permission": "0644",
            "filename": "./..//prod/kc/_platform_variables.tf",
            "id": "ffbac0b98a1e23914c2841513ca9c74da1e4bd1f",
            "sensitive_content": null,
            "source": null
          },
          "sensitive_attributes": [
            [
              {
                "type": "get_attr",
                "value": "sensitive_content"
              }
            ]
          ],
          "identity_schema_version": 0,
          "dependencies": [
            "module.statefiles_generator.local_file.create_dirs"
          ]
        }
      ]
    }
  ],
  "check_results": [
    {
      "object_kind": "var",
      "config_addr": "module.statefiles_generator.var.modules",
      "status": "pass",
      "objects": [
        {
          "object_addr": "module.statefiles_generator.var.modules",
          "status": "pass"
        }
      ]
    },
    {
      "object_kind": "var",
      "config_addr": "module.statefiles_generator.var.basics",
      "status": "pass",
      "objects": [
        {
          "object_addr": "module.statefiles_generator.var.basics",
          "status": "pass"
        }
      ]
    }
  ]
}
